// !$*UTF8*$!
{
	archiveVersion = 1;
	classes = {
	};
	objectVersion = 55;
	objects = {

/* Begin PBXBuildFile section */
		491CF7F728DE8AEF00CC9C69 /* Swjft.swift in Sources */ = {isa = PBXBuildFile; fileRef = 491CF7F228DE8AEF00CC9C69 /* Swjft.swift */; };
		491CF7F928DE8AF000CC9C69 /* MBError.swift in Sources */ = {isa = PBXBuildFile; fileRef = 491CF7F328DE8AEF00CC9C69 /* MBError.swift */; };
		491CF7FB28DE8AF000CC9C69 /* Spatial.swift in Sources */ = {isa = PBXBuildFile; fileRef = 491CF7F428DE8AEF00CC9C69 /* Spatial.swift */; };
		491CF7FD28DE8AF000CC9C69 /* Misc.swift in Sources */ = {isa = PBXBuildFile; fileRef = 491CF7F528DE8AEF00CC9C69 /* Misc.swift */; };
		491CF7FF28DE8AF000CC9C69 /* Style.swift in Sources */ = {isa = PBXBuildFile; fileRef = 491CF7F628DE8AEF00CC9C69 /* Style.swift */; };
		491CF80628DE8AFD00CC9C69 /* Network.swift in Sources */ = {isa = PBXBuildFile; fileRef = 491CF80128DE8AFD00CC9C69 /* Network.swift */; };
		491CF80828DE8AFD00CC9C69 /* Bikeways.swift in Sources */ = {isa = PBXBuildFile; fileRef = 491CF80228DE8AFD00CC9C69 /* Bikeways.swift */; };
		491CF80A28DE8AFD00CC9C69 /* Stations.swift in Sources */ = {isa = PBXBuildFile; fileRef = 491CF80328DE8AFD00CC9C69 /* Stations.swift */; };
		491CF80C28DE8AFD00CC9C69 /* State.swift in Sources */ = {isa = PBXBuildFile; fileRef = 491CF80428DE8AFD00CC9C69 /* State.swift */; };
		491CF80E28DE8AFD00CC9C69 /* World.swift in Sources */ = {isa = PBXBuildFile; fileRef = 491CF80528DE8AFD00CC9C69 /* World.swift */; };
		491CF81528DE8B0700CC9C69 /* AvailabilityView.swift in Sources */ = {isa = PBXBuildFile; fileRef = 491CF81028DE8B0700CC9C69 /* AvailabilityView.swift */; };
		491CF81928DE8B0700CC9C69 /* HelperViews.swift in Sources */ = {isa = PBXBuildFile; fileRef = 491CF81228DE8B0700CC9C69 /* HelperViews.swift */; };
		491CF81B28DE8B0700CC9C69 /* MainView.swift in Sources */ = {isa = PBXBuildFile; fileRef = 491CF81328DE8B0700CC9C69 /* MainView.swift */; };
		491CF81D28DE8B0700CC9C69 /* MapViewCoordinator.swift in Sources */ = {isa = PBXBuildFile; fileRef = 491CF81428DE8B0700CC9C69 /* MapViewCoordinator.swift */; };
		493BE3F428DE87ED00674009 /* bikeways.geojson in Resources */ = {isa = PBXBuildFile; fileRef = 493BE3F328DE87ED00674009 /* bikeways.geojson */; };
		4995427428DE8E5E002FCB93 /* MapView.swift in Sources */ = {isa = PBXBuildFile; fileRef = 4995427328DE8E5E002FCB93 /* MapView.swift */; };
		49B0DFA928DE84B2006F856F /* Tests_iOS.swift in Sources */ = {isa = PBXBuildFile; fileRef = 49B0DFA828DE84B2006F856F /* Tests_iOS.swift */; };
		49B0DFAB28DE84B2006F856F /* Tests_iOSLaunchTests.swift in Sources */ = {isa = PBXBuildFile; fileRef = 49B0DFAA28DE84B2006F856F /* Tests_iOSLaunchTests.swift */; };
		49B0DFB828DE84B2006F856F /* MoBikesApp.swift in Sources */ = {isa = PBXBuildFile; fileRef = 49B0DF9028DE84B1006F856F /* MoBikesApp.swift */; };
		49B0DFBC28DE84B2006F856F /* Assets.xcassets in Resources */ = {isa = PBXBuildFile; fileRef = 49B0DF9228DE84B2006F856F /* Assets.xcassets */; };
/* End PBXBuildFile section */

/* Begin PBXContainerItemProxy section */
		49B0DFA528DE84B2006F856F /* PBXContainerItemProxy */ = {
			isa = PBXContainerItemProxy;
			containerPortal = 49B0DF8B28DE84B1006F856F /* Project object */;
			proxyType = 1;
			remoteGlobalIDString = 49B0DF9628DE84B2006F856F;
			remoteInfo = "MoBikes (iOS)";
		};
/* End PBXContainerItemProxy section */

/* Begin PBXFileReference section */
		491CF7F228DE8AEF00CC9C69 /* Swjft.swift */ = {isa = PBXFileReference; fileEncoding = 4; lastKnownFileType = sourcecode.swift; path = Swjft.swift; sourceTree = "<group>"; };
		491CF7F328DE8AEF00CC9C69 /* MBError.swift */ = {isa = PBXFileReference; fileEncoding = 4; lastKnownFileType = sourcecode.swift; path = MBError.swift; sourceTree = "<group>"; };
		491CF7F428DE8AEF00CC9C69 /* Spatial.swift */ = {isa = PBXFileReference; fileEncoding = 4; lastKnownFileType = sourcecode.swift; path = Spatial.swift; sourceTree = "<group>"; };
		491CF7F528DE8AEF00CC9C69 /* Misc.swift */ = {isa = PBXFileReference; fileEncoding = 4; lastKnownFileType = sourcecode.swift; path = Misc.swift; sourceTree = "<group>"; };
		491CF7F628DE8AEF00CC9C69 /* Style.swift */ = {isa = PBXFileReference; fileEncoding = 4; lastKnownFileType = sourcecode.swift; path = Style.swift; sourceTree = "<group>"; };
		491CF80128DE8AFD00CC9C69 /* Network.swift */ = {isa = PBXFileReference; fileEncoding = 4; lastKnownFileType = sourcecode.swift; path = Network.swift; sourceTree = "<group>"; };
		491CF80228DE8AFD00CC9C69 /* Bikeways.swift */ = {isa = PBXFileReference; fileEncoding = 4; lastKnownFileType = sourcecode.swift; path = Bikeways.swift; sourceTree = "<group>"; };
		491CF80328DE8AFD00CC9C69 /* Stations.swift */ = {isa = PBXFileReference; fileEncoding = 4; lastKnownFileType = sourcecode.swift; path = Stations.swift; sourceTree = "<group>"; };
		491CF80428DE8AFD00CC9C69 /* State.swift */ = {isa = PBXFileReference; fileEncoding = 4; lastKnownFileType = sourcecode.swift; path = State.swift; sourceTree = "<group>"; };
		491CF80528DE8AFD00CC9C69 /* World.swift */ = {isa = PBXFileReference; fileEncoding = 4; lastKnownFileType = sourcecode.swift; path = World.swift; sourceTree = "<group>"; };
		491CF81028DE8B0700CC9C69 /* AvailabilityView.swift */ = {isa = PBXFileReference; fileEncoding = 4; lastKnownFileType = sourcecode.swift; path = AvailabilityView.swift; sourceTree = "<group>"; };
		491CF81228DE8B0700CC9C69 /* HelperViews.swift */ = {isa = PBXFileReference; fileEncoding = 4; lastKnownFileType = sourcecode.swift; path = HelperViews.swift; sourceTree = "<group>"; };
		491CF81328DE8B0700CC9C69 /* MainView.swift */ = {isa = PBXFileReference; fileEncoding = 4; lastKnownFileType = sourcecode.swift; path = MainView.swift; sourceTree = "<group>"; };
		491CF81428DE8B0700CC9C69 /* MapViewCoordinator.swift */ = {isa = PBXFileReference; fileEncoding = 4; lastKnownFileType = sourcecode.swift; path = MapViewCoordinator.swift; sourceTree = "<group>"; };
		491CF81F28DE8B3700CC9C69 /* MoBikes (iOS).entitlements */ = {isa = PBXFileReference; lastKnownFileType = text.plist.entitlements; path = "MoBikes (iOS).entitlements"; sourceTree = "<group>"; };
		493BE3F328DE87ED00674009 /* bikeways.geojson */ = {isa = PBXFileReference; fileEncoding = 4; lastKnownFileType = text; path = bikeways.geojson; sourceTree = "<group>"; };
		4995427328DE8E5E002FCB93 /* MapView.swift */ = {isa = PBXFileReference; fileEncoding = 4; lastKnownFileType = sourcecode.swift; path = MapView.swift; sourceTree = "<group>"; };
		49B0DF9028DE84B1006F856F /* MoBikesApp.swift */ = {isa = PBXFileReference; lastKnownFileType = sourcecode.swift; path = MoBikesApp.swift; sourceTree = "<group>"; };
		49B0DF9228DE84B2006F856F /* Assets.xcassets */ = {isa = PBXFileReference; lastKnownFileType = folder.assetcatalog; path = Assets.xcassets; sourceTree = "<group>"; };
		49B0DF9728DE84B2006F856F /* Mo'Bikes.app */ = {isa = PBXFileReference; explicitFileType = wrapper.application; includeInIndex = 0; path = "Mo'Bikes.app"; sourceTree = BUILT_PRODUCTS_DIR; };
		49B0DFA428DE84B2006F856F /* Tests iOS.xctest */ = {isa = PBXFileReference; explicitFileType = wrapper.cfbundle; includeInIndex = 0; path = "Tests iOS.xctest"; sourceTree = BUILT_PRODUCTS_DIR; };
		49B0DFA828DE84B2006F856F /* Tests_iOS.swift */ = {isa = PBXFileReference; lastKnownFileType = sourcecode.swift; path = Tests_iOS.swift; sourceTree = "<group>"; };
		49B0DFAA28DE84B2006F856F /* Tests_iOSLaunchTests.swift */ = {isa = PBXFileReference; lastKnownFileType = sourcecode.swift; path = Tests_iOSLaunchTests.swift; sourceTree = "<group>"; };
/* End PBXFileReference section */

/* Begin PBXFrameworksBuildPhase section */
		49B0DF9428DE84B2006F856F /* Frameworks */ = {
			isa = PBXFrameworksBuildPhase;
			buildActionMask = 2147483647;
			files = (
			);
			runOnlyForDeploymentPostprocessing = 0;
		};
		49B0DFA128DE84B2006F856F /* Frameworks */ = {
			isa = PBXFrameworksBuildPhase;
			buildActionMask = 2147483647;
			files = (
			);
			runOnlyForDeploymentPostprocessing = 0;
		};
/* End PBXFrameworksBuildPhase section */

/* Begin PBXGroup section */
		493BE3F228DE87DD00674009 /* Resources */ = {
			isa = PBXGroup;
			children = (
				493BE3F328DE87ED00674009 /* bikeways.geojson */,
			);
			path = Resources;
			sourceTree = "<group>";
		};
		4995427528DE8EAF002FCB93 /* Views */ = {
			isa = PBXGroup;
			children = (
				491CF81028DE8B0700CC9C69 /* AvailabilityView.swift */,
				491CF81328DE8B0700CC9C69 /* MainView.swift */,
				4995427328DE8E5E002FCB93 /* MapView.swift */,
				491CF81228DE8B0700CC9C69 /* HelperViews.swift */,
				491CF81428DE8B0700CC9C69 /* MapViewCoordinator.swift */,
			);
			path = Views;
			sourceTree = "<group>";
		};
		4995427628DE8EC7002FCB93 /* Model */ = {
			isa = PBXGroup;
			children = (
				491CF80228DE8AFD00CC9C69 /* Bikeways.swift */,
				491CF80128DE8AFD00CC9C69 /* Network.swift */,
				491CF80428DE8AFD00CC9C69 /* State.swift */,
				491CF80328DE8AFD00CC9C69 /* Stations.swift */,
				491CF80528DE8AFD00CC9C69 /* World.swift */,
			);
			path = Model;
			sourceTree = "<group>";
		};
		4995427728DE8ED3002FCB93 /* Misc */ = {
			isa = PBXGroup;
			children = (
				491CF7F328DE8AEF00CC9C69 /* MBError.swift */,
				491CF7F528DE8AEF00CC9C69 /* Misc.swift */,
				491CF7F428DE8AEF00CC9C69 /* Spatial.swift */,
				491CF7F628DE8AEF00CC9C69 /* Style.swift */,
				491CF7F228DE8AEF00CC9C69 /* Swjft.swift */,
			);
			path = Misc;
			sourceTree = "<group>";
		};
		49B0DF8A28DE84B1006F856F = {
			isa = PBXGroup;
			children = (
				49B0DF8F28DE84B1006F856F /* Shared */,
				49B0DFA728DE84B2006F856F /* Tests iOS */,
				491CF81F28DE8B3700CC9C69 /* MoBikes (iOS).entitlements */,
				49B0DF9828DE84B2006F856F /* Products */,
			);
			sourceTree = "<group>";
		};
		49B0DF8F28DE84B1006F856F /* Shared */ = {
			isa = PBXGroup;
			children = (
				49B0DF9028DE84B1006F856F /* MoBikesApp.swift */,
				4995427528DE8EAF002FCB93 /* Views */,
				4995427628DE8EC7002FCB93 /* Model */,
				4995427728DE8ED3002FCB93 /* Misc */,
				493BE3F228DE87DD00674009 /* Resources */,
				49B0DF9228DE84B2006F856F /* Assets.xcassets */,
			);
			path = Shared;
			sourceTree = "<group>";
		};
		49B0DF9828DE84B2006F856F /* Products */ = {
			isa = PBXGroup;
			children = (
				49B0DF9728DE84B2006F856F /* Mo'Bikes.app */,
				49B0DFA428DE84B2006F856F /* Tests iOS.xctest */,
			);
			name = Products;
			sourceTree = "<group>";
		};
		49B0DFA728DE84B2006F856F /* Tests iOS */ = {
			isa = PBXGroup;
			children = (
				49B0DFA828DE84B2006F856F /* Tests_iOS.swift */,
				49B0DFAA28DE84B2006F856F /* Tests_iOSLaunchTests.swift */,
			);
			path = "Tests iOS";
			sourceTree = "<group>";
		};
/* End PBXGroup section */

/* Begin PBXNativeTarget section */
		49B0DF9628DE84B2006F856F /* MoBikes (iOS) */ = {
			isa = PBXNativeTarget;
			buildConfigurationList = 49B0DFC028DE84B2006F856F /* Build configuration list for PBXNativeTarget "MoBikes (iOS)" */;
			buildPhases = (
				49B0DF9328DE84B2006F856F /* Sources */,
				49B0DF9428DE84B2006F856F /* Frameworks */,
				49B0DF9528DE84B2006F856F /* Resources */,
			);
			buildRules = (
			);
			dependencies = (
			);
			name = "MoBikes (iOS)";
			productName = "MoBikes (iOS)";
			productReference = 49B0DF9728DE84B2006F856F /* Mo'Bikes.app */;
			productType = "com.apple.product-type.application";
		};
		49B0DFA328DE84B2006F856F /* Tests iOS */ = {
			isa = PBXNativeTarget;
			buildConfigurationList = 49B0DFC628DE84B2006F856F /* Build configuration list for PBXNativeTarget "Tests iOS" */;
			buildPhases = (
				49B0DFA028DE84B2006F856F /* Sources */,
				49B0DFA128DE84B2006F856F /* Frameworks */,
				49B0DFA228DE84B2006F856F /* Resources */,
			);
			buildRules = (
			);
			dependencies = (
				49B0DFA628DE84B2006F856F /* PBXTargetDependency */,
			);
			name = "Tests iOS";
			productName = "Tests iOS";
			productReference = 49B0DFA428DE84B2006F856F /* Tests iOS.xctest */;
			productType = "com.apple.product-type.bundle.ui-testing";
		};
/* End PBXNativeTarget section */

/* Begin PBXProject section */
		49B0DF8B28DE84B1006F856F /* Project object */ = {
			isa = PBXProject;
			attributes = {
				BuildIndependentTargetsInParallel = 1;
				LastSwiftUpdateCheck = 1340;
				LastUpgradeCheck = 1340;
				TargetAttributes = {
					49B0DF9628DE84B2006F856F = {
						CreatedOnToolsVersion = 13.4.1;
					};
					49B0DFA328DE84B2006F856F = {
						CreatedOnToolsVersion = 13.4.1;
						TestTargetID = 49B0DF9628DE84B2006F856F;
					};
				};
			};
			buildConfigurationList = 49B0DF8E28DE84B1006F856F /* Build configuration list for PBXProject "MoBikes" */;
			compatibilityVersion = "Xcode 13.0";
			developmentRegion = en;
			hasScannedForEncodings = 0;
			knownRegions = (
				en,
				Base,
			);
			mainGroup = 49B0DF8A28DE84B1006F856F;
			productRefGroup = 49B0DF9828DE84B2006F856F /* Products */;
			projectDirPath = "";
			projectRoot = "";
			targets = (
				49B0DF9628DE84B2006F856F /* MoBikes (iOS) */,
				49B0DFA328DE84B2006F856F /* Tests iOS */,
			);
		};
/* End PBXProject section */

/* Begin PBXResourcesBuildPhase section */
		49B0DF9528DE84B2006F856F /* Resources */ = {
			isa = PBXResourcesBuildPhase;
			buildActionMask = 2147483647;
			files = (
				49B0DFBC28DE84B2006F856F /* Assets.xcassets in Resources */,
				493BE3F428DE87ED00674009 /* bikeways.geojson in Resources */,
			);
			runOnlyForDeploymentPostprocessing = 0;
		};
		49B0DFA228DE84B2006F856F /* Resources */ = {
			isa = PBXResourcesBuildPhase;
			buildActionMask = 2147483647;
			files = (
			);
			runOnlyForDeploymentPostprocessing = 0;
		};
/* End PBXResourcesBuildPhase section */

/* Begin PBXSourcesBuildPhase section */
		49B0DF9328DE84B2006F856F /* Sources */ = {
			isa = PBXSourcesBuildPhase;
			buildActionMask = 2147483647;
			files = (
				491CF81D28DE8B0700CC9C69 /* MapViewCoordinator.swift in Sources */,
				4995427428DE8E5E002FCB93 /* MapView.swift in Sources */,
				491CF80828DE8AFD00CC9C69 /* Bikeways.swift in Sources */,
				491CF7F728DE8AEF00CC9C69 /* Swjft.swift in Sources */,
				491CF7FF28DE8AF000CC9C69 /* Style.swift in Sources */,
				491CF81528DE8B0700CC9C69 /* AvailabilityView.swift in Sources */,
				491CF81928DE8B0700CC9C69 /* HelperViews.swift in Sources */,
				491CF80C28DE8AFD00CC9C69 /* State.swift in Sources */,
				49B0DFB828DE84B2006F856F /* MoBikesApp.swift in Sources */,
				491CF7FB28DE8AF000CC9C69 /* Spatial.swift in Sources */,
				491CF80A28DE8AFD00CC9C69 /* Stations.swift in Sources */,
				491CF80E28DE8AFD00CC9C69 /* World.swift in Sources */,
				491CF81B28DE8B0700CC9C69 /* MainView.swift in Sources */,
				491CF7FD28DE8AF000CC9C69 /* Misc.swift in Sources */,
				491CF80628DE8AFD00CC9C69 /* Network.swift in Sources */,
				491CF7F928DE8AF000CC9C69 /* MBError.swift in Sources */,
			);
			runOnlyForDeploymentPostprocessing = 0;
		};
		49B0DFA028DE84B2006F856F /* Sources */ = {
			isa = PBXSourcesBuildPhase;
			buildActionMask = 2147483647;
			files = (
				49B0DFAB28DE84B2006F856F /* Tests_iOSLaunchTests.swift in Sources */,
				49B0DFA928DE84B2006F856F /* Tests_iOS.swift in Sources */,
			);
			runOnlyForDeploymentPostprocessing = 0;
		};
/* End PBXSourcesBuildPhase section */

/* Begin PBXTargetDependency section */
		49B0DFA628DE84B2006F856F /* PBXTargetDependency */ = {
			isa = PBXTargetDependency;
			target = 49B0DF9628DE84B2006F856F /* MoBikes (iOS) */;
			targetProxy = 49B0DFA528DE84B2006F856F /* PBXContainerItemProxy */;
		};
/* End PBXTargetDependency section */

/* Begin XCBuildConfiguration section */
		49B0DFBE28DE84B2006F856F /* Debug */ = {
			isa = XCBuildConfiguration;
			buildSettings = {
				ALWAYS_SEARCH_USER_PATHS = NO;
				CLANG_ANALYZER_NONNULL = YES;
				CLANG_ANALYZER_NUMBER_OBJECT_CONVERSION = YES_AGGRESSIVE;
				CLANG_CXX_LANGUAGE_STANDARD = "gnu++17";
				CLANG_ENABLE_MODULES = YES;
				CLANG_ENABLE_OBJC_ARC = YES;
				CLANG_ENABLE_OBJC_WEAK = YES;
				CLANG_WARN_BLOCK_CAPTURE_AUTORELEASING = YES;
				CLANG_WARN_BOOL_CONVERSION = YES;
				CLANG_WARN_COMMA = YES;
				CLANG_WARN_CONSTANT_CONVERSION = YES;
				CLANG_WARN_DEPRECATED_OBJC_IMPLEMENTATIONS = YES;
				CLANG_WARN_DIRECT_OBJC_ISA_USAGE = YES_ERROR;
				CLANG_WARN_DOCUMENTATION_COMMENTS = YES;
				CLANG_WARN_EMPTY_BODY = YES;
				CLANG_WARN_ENUM_CONVERSION = YES;
				CLANG_WARN_INFINITE_RECURSION = YES;
				CLANG_WARN_INT_CONVERSION = YES;
				CLANG_WARN_NON_LITERAL_NULL_CONVERSION = YES;
				CLANG_WARN_OBJC_IMPLICIT_RETAIN_SELF = YES;
				CLANG_WARN_OBJC_LITERAL_CONVERSION = YES;
				CLANG_WARN_OBJC_ROOT_CLASS = YES_ERROR;
				CLANG_WARN_QUOTED_INCLUDE_IN_FRAMEWORK_HEADER = YES;
				CLANG_WARN_RANGE_LOOP_ANALYSIS = YES;
				CLANG_WARN_STRICT_PROTOTYPES = YES;
				CLANG_WARN_SUSPICIOUS_MOVE = YES;
				CLANG_WARN_UNGUARDED_AVAILABILITY = YES_AGGRESSIVE;
				CLANG_WARN_UNREACHABLE_CODE = YES;
				CLANG_WARN__DUPLICATE_METHOD_MATCH = YES;
				COPY_PHASE_STRIP = NO;
				DEBUG_INFORMATION_FORMAT = dwarf;
				ENABLE_STRICT_OBJC_MSGSEND = YES;
				ENABLE_TESTABILITY = YES;
				GCC_C_LANGUAGE_STANDARD = gnu11;
				GCC_DYNAMIC_NO_PIC = NO;
				GCC_NO_COMMON_BLOCKS = YES;
				GCC_OPTIMIZATION_LEVEL = 0;
				GCC_PREPROCESSOR_DEFINITIONS = (
					"DEBUG=1",
					"$(inherited)",
				);
				GCC_WARN_64_TO_32_BIT_CONVERSION = YES;
				GCC_WARN_ABOUT_RETURN_TYPE = YES_ERROR;
				GCC_WARN_UNDECLARED_SELECTOR = YES;
				GCC_WARN_UNINITIALIZED_AUTOS = YES_AGGRESSIVE;
				GCC_WARN_UNUSED_FUNCTION = YES;
				GCC_WARN_UNUSED_VARIABLE = YES;
				MTL_ENABLE_DEBUG_INFO = INCLUDE_SOURCE;
				MTL_FAST_MATH = YES;
				ONLY_ACTIVE_ARCH = YES;
				SWIFT_ACTIVE_COMPILATION_CONDITIONS = DEBUG;
				SWIFT_OPTIMIZATION_LEVEL = "-Onone";
			};
			name = Debug;
		};
		49B0DFBF28DE84B2006F856F /* Release */ = {
			isa = XCBuildConfiguration;
			buildSettings = {
				ALWAYS_SEARCH_USER_PATHS = NO;
				CLANG_ANALYZER_NONNULL = YES;
				CLANG_ANALYZER_NUMBER_OBJECT_CONVERSION = YES_AGGRESSIVE;
				CLANG_CXX_LANGUAGE_STANDARD = "gnu++17";
				CLANG_ENABLE_MODULES = YES;
				CLANG_ENABLE_OBJC_ARC = YES;
				CLANG_ENABLE_OBJC_WEAK = YES;
				CLANG_WARN_BLOCK_CAPTURE_AUTORELEASING = YES;
				CLANG_WARN_BOOL_CONVERSION = YES;
				CLANG_WARN_COMMA = YES;
				CLANG_WARN_CONSTANT_CONVERSION = YES;
				CLANG_WARN_DEPRECATED_OBJC_IMPLEMENTATIONS = YES;
				CLANG_WARN_DIRECT_OBJC_ISA_USAGE = YES_ERROR;
				CLANG_WARN_DOCUMENTATION_COMMENTS = YES;
				CLANG_WARN_EMPTY_BODY = YES;
				CLANG_WARN_ENUM_CONVERSION = YES;
				CLANG_WARN_INFINITE_RECURSION = YES;
				CLANG_WARN_INT_CONVERSION = YES;
				CLANG_WARN_NON_LITERAL_NULL_CONVERSION = YES;
				CLANG_WARN_OBJC_IMPLICIT_RETAIN_SELF = YES;
				CLANG_WARN_OBJC_LITERAL_CONVERSION = YES;
				CLANG_WARN_OBJC_ROOT_CLASS = YES_ERROR;
				CLANG_WARN_QUOTED_INCLUDE_IN_FRAMEWORK_HEADER = YES;
				CLANG_WARN_RANGE_LOOP_ANALYSIS = YES;
				CLANG_WARN_STRICT_PROTOTYPES = YES;
				CLANG_WARN_SUSPICIOUS_MOVE = YES;
				CLANG_WARN_UNGUARDED_AVAILABILITY = YES_AGGRESSIVE;
				CLANG_WARN_UNREACHABLE_CODE = YES;
				CLANG_WARN__DUPLICATE_METHOD_MATCH = YES;
				COPY_PHASE_STRIP = NO;
				DEBUG_INFORMATION_FORMAT = "dwarf-with-dsym";
				ENABLE_NS_ASSERTIONS = NO;
				ENABLE_STRICT_OBJC_MSGSEND = YES;
				GCC_C_LANGUAGE_STANDARD = gnu11;
				GCC_NO_COMMON_BLOCKS = YES;
				GCC_WARN_64_TO_32_BIT_CONVERSION = YES;
				GCC_WARN_ABOUT_RETURN_TYPE = YES_ERROR;
				GCC_WARN_UNDECLARED_SELECTOR = YES;
				GCC_WARN_UNINITIALIZED_AUTOS = YES_AGGRESSIVE;
				GCC_WARN_UNUSED_FUNCTION = YES;
				GCC_WARN_UNUSED_VARIABLE = YES;
				MTL_ENABLE_DEBUG_INFO = NO;
				MTL_FAST_MATH = YES;
				SWIFT_COMPILATION_MODE = wholemodule;
				SWIFT_OPTIMIZATION_LEVEL = "-O";
			};
			name = Release;
		};
		49B0DFC128DE84B2006F856F /* Debug */ = {
			isa = XCBuildConfiguration;
			buildSettings = {
				ASSETCATALOG_COMPILER_APPICON_NAME = AppIcon;
				ASSETCATALOG_COMPILER_GLOBAL_ACCENT_COLOR_NAME = AccentColor;
				CODE_SIGN_ENTITLEMENTS = "MoBikes (iOS).entitlements";
				CODE_SIGN_STYLE = Automatic;
				CURRENT_PROJECT_VERSION = 1;
				DEVELOPMENT_TEAM = T5E8L2XP69;
				ENABLE_PREVIEWS = YES;
				GENERATE_INFOPLIST_FILE = YES;
				INFOPLIST_KEY_UIApplicationSceneManifest_Generation = YES;
				INFOPLIST_KEY_UIApplicationSupportsIndirectInputEvents = YES;
				INFOPLIST_KEY_UILaunchScreen_Generation = YES;
				INFOPLIST_KEY_UISupportedInterfaceOrientations_iPad = "UIInterfaceOrientationPortrait UIInterfaceOrientationPortraitUpsideDown UIInterfaceOrientationLandscapeLeft UIInterfaceOrientationLandscapeRight";
				INFOPLIST_KEY_UISupportedInterfaceOrientations_iPhone = "UIInterfaceOrientationPortrait UIInterfaceOrientationLandscapeLeft UIInterfaceOrientationLandscapeRight";
				IPHONEOS_DEPLOYMENT_TARGET = 15.5;
				LD_RUNPATH_SEARCH_PATHS = (
					"$(inherited)",
					"@executable_path/Frameworks",
				);
				MARKETING_VERSION = 1.0;
				PRODUCT_BUNDLE_IDENTIFIER = land.ashp.MoBikes;
				PRODUCT_NAME = "Mo'Bikes";
				SDKROOT = iphoneos;
				SUPPORTS_MACCATALYST = YES;
				SWIFT_EMIT_LOC_STRINGS = YES;
				SWIFT_VERSION = 5.0;
				TARGETED_DEVICE_FAMILY = "1,2";
			};
			name = Debug;
		};
		49B0DFC228DE84B2006F856F /* Release */ = {
			isa = XCBuildConfiguration;
			buildSettings = {
				ASSETCATALOG_COMPILER_APPICON_NAME = AppIcon;
				ASSETCATALOG_COMPILER_GLOBAL_ACCENT_COLOR_NAME = AccentColor;
				CODE_SIGN_ENTITLEMENTS = "MoBikes (iOS).entitlements";
				CODE_SIGN_STYLE = Automatic;
				CURRENT_PROJECT_VERSION = 1;
				DEVELOPMENT_TEAM = T5E8L2XP69;
				ENABLE_PREVIEWS = YES;
				GENERATE_INFOPLIST_FILE = YES;
				INFOPLIST_KEY_UIApplicationSceneManifest_Generation = YES;
				INFOPLIST_KEY_UIApplicationSupportsIndirectInputEvents = YES;
				INFOPLIST_KEY_UILaunchScreen_Generation = YES;
				INFOPLIST_KEY_UISupportedInterfaceOrientations_iPad = "UIInterfaceOrientationPortrait UIInterfaceOrientationPortraitUpsideDown UIInterfaceOrientationLandscapeLeft UIInterfaceOrientationLandscapeRight";
				INFOPLIST_KEY_UISupportedInterfaceOrientations_iPhone = "UIInterfaceOrientationPortrait UIInterfaceOrientationLandscapeLeft UIInterfaceOrientationLandscapeRight";
				IPHONEOS_DEPLOYMENT_TARGET = 15.5;
				LD_RUNPATH_SEARCH_PATHS = (
					"$(inherited)",
					"@executable_path/Frameworks",
				);
				MARKETING_VERSION = 1.0;
				PRODUCT_BUNDLE_IDENTIFIER = land.ashp.MoBikes;
				PRODUCT_NAME = "Mo'Bikes";
				SDKROOT = iphoneos;
				SUPPORTS_MACCATALYST = YES;
				SWIFT_EMIT_LOC_STRINGS = YES;
				SWIFT_VERSION = 5.0;
				TARGETED_DEVICE_FAMILY = "1,2";
				VALIDATE_PRODUCT = YES;
			};
			name = Release;
		};
		49B0DFC728DE84B2006F856F /* Debug */ = {
			isa = XCBuildConfiguration;
			buildSettings = {
				ALWAYS_EMBED_SWIFT_STANDARD_LIBRARIES = YES;
				CODE_SIGN_STYLE = Automatic;
				CURRENT_PROJECT_VERSION = 1;
				DEVELOPMENT_TEAM = T5E8L2XP69;
				GENERATE_INFOPLIST_FILE = YES;
				IPHONEOS_DEPLOYMENT_TARGET = 15.5;
				MARKETING_VERSION = 1.0;
				PRODUCT_BUNDLE_IDENTIFIER = "land.ashp.Tests-iOS";
				PRODUCT_NAME = "$(TARGET_NAME)";
				SDKROOT = iphoneos;
				SWIFT_EMIT_LOC_STRINGS = NO;
				SWIFT_VERSION = 5.0;
				TARGETED_DEVICE_FAMILY = "1,2";
				TEST_TARGET_NAME = "MoBikes (iOS)";
			};
			name = Debug;
		};
		49B0DFC828DE84B2006F856F /* Release */ = {
			isa = XCBuildConfiguration;
			buildSettings = {
				ALWAYS_EMBED_SWIFT_STANDARD_LIBRARIES = YES;
				CODE_SIGN_STYLE = Automatic;
				CURRENT_PROJECT_VERSION = 1;
				DEVELOPMENT_TEAM = T5E8L2XP69;
				GENERATE_INFOPLIST_FILE = YES;
				IPHONEOS_DEPLOYMENT_TARGET = 15.5;
				MARKETING_VERSION = 1.0;
				PRODUCT_BUNDLE_IDENTIFIER = "land.ashp.Tests-iOS";
				PRODUCT_NAME = "$(TARGET_NAME)";
				SDKROOT = iphoneos;
				SWIFT_EMIT_LOC_STRINGS = NO;
				SWIFT_VERSION = 5.0;
				TARGETED_DEVICE_FAMILY = "1,2";
				TEST_TARGET_NAME = "MoBikes (iOS)";
				VALIDATE_PRODUCT = YES;
			};
			name = Release;
		};
/* End XCBuildConfiguration section */

/* Begin XCConfigurationList section */
		49B0DF8E28DE84B1006F856F /* Build configuration list for PBXProject "MoBikes" */ = {
			isa = XCConfigurationList;
			buildConfigurations = (
				49B0DFBE28DE84B2006F856F /* Debug */,
				49B0DFBF28DE84B2006F856F /* Release */,
			);
			defaultConfigurationIsVisible = 0;
			defaultConfigurationName = Release;
		};
		49B0DFC028DE84B2006F856F /* Build configuration list for PBXNativeTarget "MoBikes (iOS)" */ = {
			isa = XCConfigurationList;
			buildConfigurations = (
				49B0DFC128DE84B2006F856F /* Debug */,
				49B0DFC228DE84B2006F856F /* Release */,
			);
			defaultConfigurationIsVisible = 0;
			defaultConfigurationName = Release;
		};
		49B0DFC628DE84B2006F856F /* Build configuration list for PBXNativeTarget "Tests iOS" */ = {
			isa = XCConfigurationList;
			buildConfigurations = (
				49B0DFC728DE84B2006F856F /* Debug */,
				49B0DFC828DE84B2006F856F /* Release */,
			);
			defaultConfigurationIsVisible = 0;
			defaultConfigurationName = Release;
		};
/* End XCConfigurationList section */
	};
	rootObject = 49B0DF8B28DE84B1006F856F /* Project object */;
}
