// !$*UTF8*$!
{
	archiveVersion = 1;
	classes = {
	};
	objectVersion = 55;
	objects = {

/* Begin PBXBuildFile section */
		4909804428DE950100E2DF9E /* Assets.xcassets in Resources */ = {isa = PBXBuildFile; fileRef = 4909804328DE950100E2DF9E /* Assets.xcassets */; };
		4909804A28DE950100E2DF9E /* watchOS WatchKit Extension.appex in Embed App Extensions */ = {isa = PBXBuildFile; fileRef = 4909804928DE950100E2DF9E /* watchOS WatchKit Extension.appex */; settings = {ATTRIBUTES = (RemoveHeadersOnCopy, ); }; };
		4909805328DE950100E2DF9E /* ComplicationController.swift in Sources */ = {isa = PBXBuildFile; fileRef = 4909805228DE950100E2DF9E /* ComplicationController.swift */; };
		4909805528DE950200E2DF9E /* Assets.xcassets in Resources */ = {isa = PBXBuildFile; fileRef = 4909805428DE950200E2DF9E /* Assets.xcassets */; };
		4909805828DE950200E2DF9E /* Preview Assets.xcassets in Resources */ = {isa = PBXBuildFile; fileRef = 4909805728DE950200E2DF9E /* Preview Assets.xcassets */; };
		4909805C28DE950200E2DF9E /* watchOS.app in Embed Watch Content */ = {isa = PBXBuildFile; fileRef = 4909804128DE950000E2DF9E /* watchOS.app */; platformFilter = ios; settings = {ATTRIBUTES = (RemoveHeadersOnCopy, ); }; };
		491CF7F728DE8AEF00CC9C69 /* Swjft.swift in Sources */ = {isa = PBXBuildFile; fileRef = 491CF7F228DE8AEF00CC9C69 /* Swjft.swift */; };
		491CF7F928DE8AF000CC9C69 /* MBError.swift in Sources */ = {isa = PBXBuildFile; fileRef = 491CF7F328DE8AEF00CC9C69 /* MBError.swift */; };
		491CF7FB28DE8AF000CC9C69 /* Spatial.swift in Sources */ = {isa = PBXBuildFile; fileRef = 491CF7F428DE8AEF00CC9C69 /* Spatial.swift */; };
		491CF7FD28DE8AF000CC9C69 /* Misc.swift in Sources */ = {isa = PBXBuildFile; fileRef = 491CF7F528DE8AEF00CC9C69 /* Misc.swift */; };
		491CF7FF28DE8AF000CC9C69 /* Style.swift in Sources */ = {isa = PBXBuildFile; fileRef = 491CF7F628DE8AEF00CC9C69 /* Style.swift */; };
		491CF80628DE8AFD00CC9C69 /* Network.swift in Sources */ = {isa = PBXBuildFile; fileRef = 491CF80128DE8AFD00CC9C69 /* Network.swift */; };
		491CF80828DE8AFD00CC9C69 /* Bikeways.swift in Sources */ = {isa = PBXBuildFile; fileRef = 491CF80228DE8AFD00CC9C69 /* Bikeways.swift */; };
		491CF80A28DE8AFD00CC9C69 /* Stations.swift in Sources */ = {isa = PBXBuildFile; fileRef = 491CF80328DE8AFD00CC9C69 /* Stations.swift */; };
		491CF80C28DE8AFD00CC9C69 /* iosState.swift in Sources */ = {isa = PBXBuildFile; fileRef = 491CF80428DE8AFD00CC9C69 /* iosState.swift */; };
		491CF80E28DE8AFD00CC9C69 /* World.swift in Sources */ = {isa = PBXBuildFile; fileRef = 491CF80528DE8AFD00CC9C69 /* World.swift */; };
		491CF81528DE8B0700CC9C69 /* AvailabilityView.swift in Sources */ = {isa = PBXBuildFile; fileRef = 491CF81028DE8B0700CC9C69 /* AvailabilityView.swift */; };
		491CF81928DE8B0700CC9C69 /* HelperViews.swift in Sources */ = {isa = PBXBuildFile; fileRef = 491CF81228DE8B0700CC9C69 /* HelperViews.swift */; };
		491CF81D28DE8B0700CC9C69 /* MapViewCoordinator.swift in Sources */ = {isa = PBXBuildFile; fileRef = 491CF81428DE8B0700CC9C69 /* MapViewCoordinator.swift */; };
		493BE3F428DE87ED00674009 /* bikeways.geojson in Resources */ = {isa = PBXBuildFile; fileRef = 493BE3F328DE87ED00674009 /* bikeways.geojson */; };
		4995427428DE8E5E002FCB93 /* MapView.swift in Sources */ = {isa = PBXBuildFile; fileRef = 4995427328DE8E5E002FCB93 /* MapView.swift */; };
		49B0DFB828DE84B2006F856F /* iosMain.swift in Sources */ = {isa = PBXBuildFile; fileRef = 49B0DF9028DE84B1006F856F /* iosMain.swift */; };
		49B0DFBC28DE84B2006F856F /* Assets.xcassets in Resources */ = {isa = PBXBuildFile; fileRef = 49B0DF9228DE84B2006F856F /* Assets.xcassets */; };
		49B6466E28DEBFC80048AAB0 /* HelperViews.swift in Sources */ = {isa = PBXBuildFile; fileRef = 491CF81228DE8B0700CC9C69 /* HelperViews.swift */; };
		49B6467128DECBFA0048AAB0 /* watchMain.swift in Sources */ = {isa = PBXBuildFile; fileRef = 49B6466F28DECBF40048AAB0 /* watchMain.swift */; };
		49B6467328DECC820048AAB0 /* watchState.swift in Sources */ = {isa = PBXBuildFile; fileRef = 49B6467228DECC820048AAB0 /* watchState.swift */; };
		49B6467528DECD1A0048AAB0 /* ControlsView.swift in Sources */ = {isa = PBXBuildFile; fileRef = 49B6467428DECD1A0048AAB0 /* ControlsView.swift */; };
		49C2BB5528DE986A009738AB /* Stations.swift in Sources */ = {isa = PBXBuildFile; fileRef = 491CF80328DE8AFD00CC9C69 /* Stations.swift */; };
		49C2BB5628DE986A009738AB /* World.swift in Sources */ = {isa = PBXBuildFile; fileRef = 491CF80528DE8AFD00CC9C69 /* World.swift */; };
		49C2BB5728DE986A009738AB /* Network.swift in Sources */ = {isa = PBXBuildFile; fileRef = 491CF80128DE8AFD00CC9C69 /* Network.swift */; };
		49C2BB5928DE986D009738AB /* Style.swift in Sources */ = {isa = PBXBuildFile; fileRef = 491CF7F628DE8AEF00CC9C69 /* Style.swift */; };
		49C2BB5A28DE986D009738AB /* MBError.swift in Sources */ = {isa = PBXBuildFile; fileRef = 491CF7F328DE8AEF00CC9C69 /* MBError.swift */; };
		49C2BB5B28DE986D009738AB /* Misc.swift in Sources */ = {isa = PBXBuildFile; fileRef = 491CF7F528DE8AEF00CC9C69 /* Misc.swift */; };
		49C2BB5C28DE986D009738AB /* Spatial.swift in Sources */ = {isa = PBXBuildFile; fileRef = 491CF7F428DE8AEF00CC9C69 /* Spatial.swift */; };
		49C2BB5D28DE986D009738AB /* Swjft.swift in Sources */ = {isa = PBXBuildFile; fileRef = 491CF7F228DE8AEF00CC9C69 /* Swjft.swift */; };
		49C2BB5F28DE9DDA009738AB /* State.swift in Sources */ = {isa = PBXBuildFile; fileRef = 49C2BB5E28DE9DDA009738AB /* State.swift */; };
		49C2BB6028DE9DDA009738AB /* State.swift in Sources */ = {isa = PBXBuildFile; fileRef = 49C2BB5E28DE9DDA009738AB /* State.swift */; };
/* End PBXBuildFile section */

/* Begin PBXContainerItemProxy section */
		4909804B28DE950100E2DF9E /* PBXContainerItemProxy */ = {
			isa = PBXContainerItemProxy;
			containerPortal = 49B0DF8B28DE84B1006F856F /* Project object */;
			proxyType = 1;
			remoteGlobalIDString = 4909804828DE950100E2DF9E;
			remoteInfo = "watchOS WatchKit Extension";
		};
		4909805A28DE950200E2DF9E /* PBXContainerItemProxy */ = {
			isa = PBXContainerItemProxy;
			containerPortal = 49B0DF8B28DE84B1006F856F /* Project object */;
			proxyType = 1;
			remoteGlobalIDString = 4909804028DE950000E2DF9E;
			remoteInfo = watchOS;
		};
/* End PBXContainerItemProxy section */

/* Begin PBXCopyFilesBuildPhase section */
		4909805D28DE950200E2DF9E /* Embed Watch Content */ = {
			isa = PBXCopyFilesBuildPhase;
			buildActionMask = 2147483647;
			dstPath = "$(CONTENTS_FOLDER_PATH)/Watch";
			dstSubfolderSpec = 16;
			files = (
				4909805C28DE950200E2DF9E /* watchOS.app in Embed Watch Content */,
			);
			name = "Embed Watch Content";
			runOnlyForDeploymentPostprocessing = 0;
		};
		4909806028DE950200E2DF9E /* Embed App Extensions */ = {
			isa = PBXCopyFilesBuildPhase;
			buildActionMask = 2147483647;
			dstPath = "";
			dstSubfolderSpec = 13;
			files = (
				4909804A28DE950100E2DF9E /* watchOS WatchKit Extension.appex in Embed App Extensions */,
			);
			name = "Embed App Extensions";
			runOnlyForDeploymentPostprocessing = 0;
		};
		499542B628DE8F5F002FCB93 /* Embed Watch Content */ = {
			isa = PBXCopyFilesBuildPhase;
			buildActionMask = 2147483647;
			dstPath = "$(CONTENTS_FOLDER_PATH)/Watch";
			dstSubfolderSpec = 16;
			files = (
			);
			name = "Embed Watch Content";
			runOnlyForDeploymentPostprocessing = 0;
		};
/* End PBXCopyFilesBuildPhase section */

/* Begin PBXFileReference section */
		4909804128DE950000E2DF9E /* watchOS.app */ = {isa = PBXFileReference; explicitFileType = wrapper.application; includeInIndex = 0; path = watchOS.app; sourceTree = BUILT_PRODUCTS_DIR; };
		4909804328DE950100E2DF9E /* Assets.xcassets */ = {isa = PBXFileReference; lastKnownFileType = folder.assetcatalog; path = Assets.xcassets; sourceTree = "<group>"; };
		4909804928DE950100E2DF9E /* watchOS WatchKit Extension.appex */ = {isa = PBXFileReference; explicitFileType = "wrapper.app-extension"; includeInIndex = 0; path = "watchOS WatchKit Extension.appex"; sourceTree = BUILT_PRODUCTS_DIR; };
		4909805228DE950100E2DF9E /* ComplicationController.swift */ = {isa = PBXFileReference; lastKnownFileType = sourcecode.swift; path = ComplicationController.swift; sourceTree = "<group>"; };
		4909805428DE950200E2DF9E /* Assets.xcassets */ = {isa = PBXFileReference; lastKnownFileType = folder.assetcatalog; path = Assets.xcassets; sourceTree = "<group>"; };
		4909805728DE950200E2DF9E /* Preview Assets.xcassets */ = {isa = PBXFileReference; lastKnownFileType = folder.assetcatalog; path = "Preview Assets.xcassets"; sourceTree = "<group>"; };
		4909805928DE950200E2DF9E /* Info.plist */ = {isa = PBXFileReference; lastKnownFileType = text.plist.xml; path = Info.plist; sourceTree = "<group>"; };
		491CF7F228DE8AEF00CC9C69 /* Swjft.swift */ = {isa = PBXFileReference; fileEncoding = 4; lastKnownFileType = sourcecode.swift; path = Swjft.swift; sourceTree = "<group>"; };
		491CF7F328DE8AEF00CC9C69 /* MBError.swift */ = {isa = PBXFileReference; fileEncoding = 4; lastKnownFileType = sourcecode.swift; path = MBError.swift; sourceTree = "<group>"; };
		491CF7F428DE8AEF00CC9C69 /* Spatial.swift */ = {isa = PBXFileReference; fileEncoding = 4; lastKnownFileType = sourcecode.swift; path = Spatial.swift; sourceTree = "<group>"; };
		491CF7F528DE8AEF00CC9C69 /* Misc.swift */ = {isa = PBXFileReference; fileEncoding = 4; lastKnownFileType = sourcecode.swift; path = Misc.swift; sourceTree = "<group>"; };
		491CF7F628DE8AEF00CC9C69 /* Style.swift */ = {isa = PBXFileReference; fileEncoding = 4; lastKnownFileType = sourcecode.swift; path = Style.swift; sourceTree = "<group>"; };
		491CF80128DE8AFD00CC9C69 /* Network.swift */ = {isa = PBXFileReference; fileEncoding = 4; lastKnownFileType = sourcecode.swift; path = Network.swift; sourceTree = "<group>"; };
		491CF80228DE8AFD00CC9C69 /* Bikeways.swift */ = {isa = PBXFileReference; fileEncoding = 4; lastKnownFileType = sourcecode.swift; path = Bikeways.swift; sourceTree = "<group>"; };
		491CF80328DE8AFD00CC9C69 /* Stations.swift */ = {isa = PBXFileReference; fileEncoding = 4; lastKnownFileType = sourcecode.swift; path = Stations.swift; sourceTree = "<group>"; };
		491CF80428DE8AFD00CC9C69 /* iosState.swift */ = {isa = PBXFileReference; fileEncoding = 4; lastKnownFileType = sourcecode.swift; path = iosState.swift; sourceTree = "<group>"; };
		491CF80528DE8AFD00CC9C69 /* World.swift */ = {isa = PBXFileReference; fileEncoding = 4; lastKnownFileType = sourcecode.swift; path = World.swift; sourceTree = "<group>"; };
		491CF81028DE8B0700CC9C69 /* AvailabilityView.swift */ = {isa = PBXFileReference; fileEncoding = 4; lastKnownFileType = sourcecode.swift; path = AvailabilityView.swift; sourceTree = "<group>"; };
		491CF81228DE8B0700CC9C69 /* HelperViews.swift */ = {isa = PBXFileReference; fileEncoding = 4; lastKnownFileType = sourcecode.swift; path = HelperViews.swift; sourceTree = "<group>"; };
		491CF81428DE8B0700CC9C69 /* MapViewCoordinator.swift */ = {isa = PBXFileReference; fileEncoding = 4; lastKnownFileType = sourcecode.swift; path = MapViewCoordinator.swift; sourceTree = "<group>"; };
		491CF81F28DE8B3700CC9C69 /* MoBikes (iOS).entitlements */ = {isa = PBXFileReference; lastKnownFileType = text.plist.entitlements; path = "MoBikes (iOS).entitlements"; sourceTree = "<group>"; };
		493BE3F328DE87ED00674009 /* bikeways.geojson */ = {isa = PBXFileReference; fileEncoding = 4; lastKnownFileType = text; path = bikeways.geojson; sourceTree = "<group>"; };
		4995427328DE8E5E002FCB93 /* MapView.swift */ = {isa = PBXFileReference; fileEncoding = 4; lastKnownFileType = sourcecode.swift; path = MapView.swift; sourceTree = "<group>"; };
		4995427A28DE8F5D002FCB93 /* MoBikes.app */ = {isa = PBXFileReference; explicitFileType = wrapper.application; includeInIndex = 0; path = MoBikes.app; sourceTree = BUILT_PRODUCTS_DIR; };
		49B0DF9028DE84B1006F856F /* iosMain.swift */ = {isa = PBXFileReference; lastKnownFileType = sourcecode.swift; path = iosMain.swift; sourceTree = "<group>"; };
		49B0DF9228DE84B2006F856F /* Assets.xcassets */ = {isa = PBXFileReference; lastKnownFileType = folder.assetcatalog; path = Assets.xcassets; sourceTree = "<group>"; };
		49B0DF9728DE84B2006F856F /* Mo'Bikes.app */ = {isa = PBXFileReference; explicitFileType = wrapper.application; includeInIndex = 0; path = "Mo'Bikes.app"; sourceTree = BUILT_PRODUCTS_DIR; };
		49B6466F28DECBF40048AAB0 /* watchMain.swift */ = {isa = PBXFileReference; fileEncoding = 4; lastKnownFileType = sourcecode.swift; path = watchMain.swift; sourceTree = "<group>"; };
		49B6467228DECC820048AAB0 /* watchState.swift */ = {isa = PBXFileReference; lastKnownFileType = sourcecode.swift; path = watchState.swift; sourceTree = "<group>"; };
		49B6467428DECD1A0048AAB0 /* ControlsView.swift */ = {isa = PBXFileReference; lastKnownFileType = sourcecode.swift; path = ControlsView.swift; sourceTree = "<group>"; };
		49C2BB5E28DE9DDA009738AB /* State.swift */ = {isa = PBXFileReference; lastKnownFileType = sourcecode.swift; path = State.swift; sourceTree = "<group>"; };
/* End PBXFileReference section */

/* Begin PBXFrameworksBuildPhase section */
		4909804628DE950100E2DF9E /* Frameworks */ = {
			isa = PBXFrameworksBuildPhase;
			buildActionMask = 2147483647;
			files = (
			);
			runOnlyForDeploymentPostprocessing = 0;
		};
		49B0DF9428DE84B2006F856F /* Frameworks */ = {
			isa = PBXFrameworksBuildPhase;
			buildActionMask = 2147483647;
			files = (
			);
			runOnlyForDeploymentPostprocessing = 0;
		};
/* End PBXFrameworksBuildPhase section */

/* Begin PBXGroup section */
		4909804228DE950000E2DF9E /* watchOS App */ = {
			isa = PBXGroup;
			children = (
				4909804328DE950100E2DF9E /* Assets.xcassets */,
			);
			path = "watchOS App";
			sourceTree = "<group>";
		};
		4909804D28DE950100E2DF9E /* watchOS Extension */ = {
			isa = PBXGroup;
			children = (
				49B6466F28DECBF40048AAB0 /* watchMain.swift */,
				49B6467228DECC820048AAB0 /* watchState.swift */,
				4909805228DE950100E2DF9E /* ComplicationController.swift */,
				4909805428DE950200E2DF9E /* Assets.xcassets */,
				4909805928DE950200E2DF9E /* Info.plist */,
				4909805628DE950200E2DF9E /* Preview Content */,
			);
			path = "watchOS Extension";
			sourceTree = "<group>";
		};
		4909805628DE950200E2DF9E /* Preview Content */ = {
			isa = PBXGroup;
			children = (
				4909805728DE950200E2DF9E /* Preview Assets.xcassets */,
			);
			path = "Preview Content";
			sourceTree = "<group>";
		};
		493BE3F228DE87DD00674009 /* Resources */ = {
			isa = PBXGroup;
			children = (
				493BE3F328DE87ED00674009 /* bikeways.geojson */,
			);
			path = Resources;
			sourceTree = "<group>";
		};
		4995427528DE8EAF002FCB93 /* Views */ = {
			isa = PBXGroup;
			children = (
				491CF81028DE8B0700CC9C69 /* AvailabilityView.swift */,
				49B6467428DECD1A0048AAB0 /* ControlsView.swift */,
				4995427328DE8E5E002FCB93 /* MapView.swift */,
				491CF81428DE8B0700CC9C69 /* MapViewCoordinator.swift */,
			);
			path = Views;
			sourceTree = "<group>";
		};
		4995427628DE8EC7002FCB93 /* Model */ = {
			isa = PBXGroup;
			children = (
				491CF80128DE8AFD00CC9C69 /* Network.swift */,
				49C2BB5E28DE9DDA009738AB /* State.swift */,
				491CF80328DE8AFD00CC9C69 /* Stations.swift */,
				491CF80528DE8AFD00CC9C69 /* World.swift */,
			);
			path = Model;
			sourceTree = "<group>";
		};
		4995427728DE8ED3002FCB93 /* Misc */ = {
			isa = PBXGroup;
			children = (
				491CF7F328DE8AEF00CC9C69 /* MBError.swift */,
				491CF7F528DE8AEF00CC9C69 /* Misc.swift */,
				491CF7F428DE8AEF00CC9C69 /* Spatial.swift */,
				491CF7F628DE8AEF00CC9C69 /* Style.swift */,
				491CF7F228DE8AEF00CC9C69 /* Swjft.swift */,
			);
			path = Misc;
			sourceTree = "<group>";
		};
		49B0DF8A28DE84B1006F856F = {
			isa = PBXGroup;
			children = (
				49B0DF8F28DE84B1006F856F /* Shared */,
				49C2BB5228DE9632009738AB /* iOS */,
				4909804D28DE950100E2DF9E /* watchOS Extension */,
				4909804228DE950000E2DF9E /* watchOS App */,
				49B0DF9828DE84B2006F856F /* Products */,
			);
			sourceTree = "<group>";
		};
		49B0DF8F28DE84B1006F856F /* Shared */ = {
			isa = PBXGroup;
			children = (
				49B6466D28DEBFBE0048AAB0 /* Views */,
				4995427628DE8EC7002FCB93 /* Model */,
				4995427728DE8ED3002FCB93 /* Misc */,
				49B0DF9228DE84B2006F856F /* Assets.xcassets */,
			);
			path = Shared;
			sourceTree = "<group>";
		};
		49B0DF9828DE84B2006F856F /* Products */ = {
			isa = PBXGroup;
			children = (
				49B0DF9728DE84B2006F856F /* Mo'Bikes.app */,
				4995427A28DE8F5D002FCB93 /* MoBikes.app */,
				4909804128DE950000E2DF9E /* watchOS.app */,
				4909804928DE950100E2DF9E /* watchOS WatchKit Extension.appex */,
			);
			name = Products;
			sourceTree = "<group>";
		};
		49B6466D28DEBFBE0048AAB0 /* Views */ = {
			isa = PBXGroup;
			children = (
				491CF81228DE8B0700CC9C69 /* HelperViews.swift */,
			);
			path = Views;
			sourceTree = "<group>";
		};
		49C2BB5228DE9632009738AB /* iOS */ = {
			isa = PBXGroup;
			children = (
				491CF81F28DE8B3700CC9C69 /* MoBikes (iOS).entitlements */,
				49B0DF9028DE84B1006F856F /* iosMain.swift */,
				491CF80428DE8AFD00CC9C69 /* iosState.swift */,
				491CF80228DE8AFD00CC9C69 /* Bikeways.swift */,
				4995427528DE8EAF002FCB93 /* Views */,
				493BE3F228DE87DD00674009 /* Resources */,
			);
			path = iOS;
			sourceTree = "<group>";
		};
/* End PBXGroup section */

/* Begin PBXNativeTarget section */
		4909804028DE950000E2DF9E /* watchOS */ = {
			isa = PBXNativeTarget;
			buildConfigurationList = 4909806428DE950200E2DF9E /* Build configuration list for PBXNativeTarget "watchOS" */;
			buildPhases = (
				4909803F28DE950000E2DF9E /* Resources */,
				4909806028DE950200E2DF9E /* Embed App Extensions */,
			);
			buildRules = (
			);
			dependencies = (
				4909804C28DE950100E2DF9E /* PBXTargetDependency */,
			);
			name = watchOS;
			productName = watchOS;
			productReference = 4909804128DE950000E2DF9E /* watchOS.app */;
			productType = "com.apple.product-type.application.watchapp2";
		};
		4909804828DE950100E2DF9E /* watchOS WatchKit Extension */ = {
			isa = PBXNativeTarget;
			buildConfigurationList = 4909806328DE950200E2DF9E /* Build configuration list for PBXNativeTarget "watchOS WatchKit Extension" */;
			buildPhases = (
				4909804528DE950100E2DF9E /* Sources */,
				4909804628DE950100E2DF9E /* Frameworks */,
				4909804728DE950100E2DF9E /* Resources */,
			);
			buildRules = (
			);
			dependencies = (
			);
			name = "watchOS WatchKit Extension";
			productName = "watchOS WatchKit Extension";
			productReference = 4909804928DE950100E2DF9E /* watchOS WatchKit Extension.appex */;
			productType = "com.apple.product-type.watchkit2-extension";
		};
		4995427928DE8F5D002FCB93 /* MoBikes */ = {
			isa = PBXNativeTarget;
			buildConfigurationList = 499542B728DE8F5F002FCB93 /* Build configuration list for PBXNativeTarget "MoBikes" */;
			buildPhases = (
				4995427828DE8F5D002FCB93 /* Resources */,
				499542B628DE8F5F002FCB93 /* Embed Watch Content */,
			);
			buildRules = (
			);
			dependencies = (
			);
			name = MoBikes;
			productName = MoBikes;
			productReference = 4995427A28DE8F5D002FCB93 /* MoBikes.app */;
			productType = "com.apple.product-type.application.watchapp2-container";
		};
		49B0DF9628DE84B2006F856F /* iOS */ = {
			isa = PBXNativeTarget;
			buildConfigurationList = 49B0DFC028DE84B2006F856F /* Build configuration list for PBXNativeTarget "iOS" */;
			buildPhases = (
				49B0DF9328DE84B2006F856F /* Sources */,
				49B0DF9428DE84B2006F856F /* Frameworks */,
				49B0DF9528DE84B2006F856F /* Resources */,
				4909805D28DE950200E2DF9E /* Embed Watch Content */,
			);
			buildRules = (
			);
			dependencies = (
				4909805B28DE950200E2DF9E /* PBXTargetDependency */,
			);
			name = iOS;
			productName = "MoBikes (iOS)";
			productReference = 49B0DF9728DE84B2006F856F /* Mo'Bikes.app */;
			productType = "com.apple.product-type.application";
		};
/* End PBXNativeTarget section */

/* Begin PBXProject section */
		49B0DF8B28DE84B1006F856F /* Project object */ = {
			isa = PBXProject;
			attributes = {
				BuildIndependentTargetsInParallel = 1;
				LastSwiftUpdateCheck = 1340;
				LastUpgradeCheck = 1340;
				TargetAttributes = {
					4909804028DE950000E2DF9E = {
						CreatedOnToolsVersion = 13.4.1;
					};
					4909804828DE950100E2DF9E = {
						CreatedOnToolsVersion = 13.4.1;
					};
					4995427928DE8F5D002FCB93 = {
						CreatedOnToolsVersion = 13.4.1;
					};
					49B0DF9628DE84B2006F856F = {
						CreatedOnToolsVersion = 13.4.1;
					};
				};
			};
			buildConfigurationList = 49B0DF8E28DE84B1006F856F /* Build configuration list for PBXProject "MoBikes" */;
			compatibilityVersion = "Xcode 13.0";
			developmentRegion = en;
			hasScannedForEncodings = 0;
			knownRegions = (
				en,
				Base,
			);
			mainGroup = 49B0DF8A28DE84B1006F856F;
			productRefGroup = 49B0DF9828DE84B2006F856F /* Products */;
			projectDirPath = "";
			projectRoot = "";
			targets = (
				4995427928DE8F5D002FCB93 /* MoBikes */,
				49B0DF9628DE84B2006F856F /* iOS */,
				4909804028DE950000E2DF9E /* watchOS */,
				4909804828DE950100E2DF9E /* watchOS WatchKit Extension */,
			);
		};
/* End PBXProject section */

/* Begin PBXResourcesBuildPhase section */
		4909803F28DE950000E2DF9E /* Resources */ = {
			isa = PBXResourcesBuildPhase;
			buildActionMask = 2147483647;
			files = (
				4909804428DE950100E2DF9E /* Assets.xcassets in Resources */,
			);
			runOnlyForDeploymentPostprocessing = 0;
		};
		4909804728DE950100E2DF9E /* Resources */ = {
			isa = PBXResourcesBuildPhase;
			buildActionMask = 2147483647;
			files = (
				4909805828DE950200E2DF9E /* Preview Assets.xcassets in Resources */,
				4909805528DE950200E2DF9E /* Assets.xcassets in Resources */,
			);
			runOnlyForDeploymentPostprocessing = 0;
		};
		4995427828DE8F5D002FCB93 /* Resources */ = {
			isa = PBXResourcesBuildPhase;
			buildActionMask = 2147483647;
			files = (
			);
			runOnlyForDeploymentPostprocessing = 0;
		};
		49B0DF9528DE84B2006F856F /* Resources */ = {
			isa = PBXResourcesBuildPhase;
			buildActionMask = 2147483647;
			files = (
				49B0DFBC28DE84B2006F856F /* Assets.xcassets in Resources */,
				493BE3F428DE87ED00674009 /* bikeways.geojson in Resources */,
			);
			runOnlyForDeploymentPostprocessing = 0;
		};
/* End PBXResourcesBuildPhase section */

/* Begin PBXSourcesBuildPhase section */
		4909804528DE950100E2DF9E /* Sources */ = {
			isa = PBXSourcesBuildPhase;
			buildActionMask = 2147483647;
			files = (
				49C2BB5C28DE986D009738AB /* Spatial.swift in Sources */,
				49C2BB5A28DE986D009738AB /* MBError.swift in Sources */,
				49B6467328DECC820048AAB0 /* watchState.swift in Sources */,
				49B6466E28DEBFC80048AAB0 /* HelperViews.swift in Sources */,
				49C2BB5728DE986A009738AB /* Network.swift in Sources */,
				49C2BB5528DE986A009738AB /* Stations.swift in Sources */,
				4909805328DE950100E2DF9E /* ComplicationController.swift in Sources */,
				49B6467128DECBFA0048AAB0 /* watchMain.swift in Sources */,
				49C2BB5628DE986A009738AB /* World.swift in Sources */,
				49C2BB5D28DE986D009738AB /* Swjft.swift in Sources */,
				49C2BB5B28DE986D009738AB /* Misc.swift in Sources */,
				49C2BB5928DE986D009738AB /* Style.swift in Sources */,
				49C2BB6028DE9DDA009738AB /* State.swift in Sources */,
			);
			runOnlyForDeploymentPostprocessing = 0;
		};
		49B0DF9328DE84B2006F856F /* Sources */ = {
			isa = PBXSourcesBuildPhase;
			buildActionMask = 2147483647;
			files = (
				491CF81D28DE8B0700CC9C69 /* MapViewCoordinator.swift in Sources */,
				4995427428DE8E5E002FCB93 /* MapView.swift in Sources */,
				491CF80828DE8AFD00CC9C69 /* Bikeways.swift in Sources */,
				491CF7F728DE8AEF00CC9C69 /* Swjft.swift in Sources */,
				491CF7FF28DE8AF000CC9C69 /* Style.swift in Sources */,
				491CF81528DE8B0700CC9C69 /* AvailabilityView.swift in Sources */,
				491CF81928DE8B0700CC9C69 /* HelperViews.swift in Sources */,
				491CF80C28DE8AFD00CC9C69 /* iosState.swift in Sources */,
				49B0DFB828DE84B2006F856F /* iosMain.swift in Sources */,
				491CF7FB28DE8AF000CC9C69 /* Spatial.swift in Sources */,
				49B6467528DECD1A0048AAB0 /* ControlsView.swift in Sources */,
				491CF80A28DE8AFD00CC9C69 /* Stations.swift in Sources */,
				491CF80E28DE8AFD00CC9C69 /* World.swift in Sources */,
				49C2BB5F28DE9DDA009738AB /* State.swift in Sources */,
				491CF7FD28DE8AF000CC9C69 /* Misc.swift in Sources */,
				491CF80628DE8AFD00CC9C69 /* Network.swift in Sources */,
				491CF7F928DE8AF000CC9C69 /* MBError.swift in Sources */,
			);
			runOnlyForDeploymentPostprocessing = 0;
		};
/* End PBXSourcesBuildPhase section */

/* Begin PBXTargetDependency section */
		4909804C28DE950100E2DF9E /* PBXTargetDependency */ = {
			isa = PBXTargetDependency;
			target = 4909804828DE950100E2DF9E /* watchOS WatchKit Extension */;
			targetProxy = 4909804B28DE950100E2DF9E /* PBXContainerItemProxy */;
		};
		4909805B28DE950200E2DF9E /* PBXTargetDependency */ = {
			isa = PBXTargetDependency;
			platformFilter = ios;
			target = 4909804028DE950000E2DF9E /* watchOS */;
			targetProxy = 4909805A28DE950200E2DF9E /* PBXContainerItemProxy */;
		};
/* End PBXTargetDependency section */

/* Begin XCBuildConfiguration section */
		4909805E28DE950200E2DF9E /* Debug */ = {
			isa = XCBuildConfiguration;
			buildSettings = {
				ALWAYS_EMBED_SWIFT_STANDARD_LIBRARIES = YES;
				ASSETCATALOG_COMPILER_APPICON_NAME = AppIcon;
				ASSETCATALOG_COMPILER_GLOBAL_ACCENT_COLOR_NAME = AccentColor;
				CODE_SIGN_STYLE = Automatic;
				CURRENT_PROJECT_VERSION = 1;
				DEVELOPMENT_TEAM = T5E8L2XP69;
				GENERATE_INFOPLIST_FILE = YES;
				IBSC_MODULE = watchOS_WatchKit_Extension;
				INFOPLIST_KEY_CFBundleDisplayName = watchOS;
				INFOPLIST_KEY_UISupportedInterfaceOrientations = "UIInterfaceOrientationPortrait UIInterfaceOrientationPortraitUpsideDown";
				INFOPLIST_KEY_WKCompanionAppBundleIdentifier = land.ashp.MoBikes;
				MARKETING_VERSION = 1.0;
				PRODUCT_BUNDLE_IDENTIFIER = land.ashp.MoBikes.watchkitapp;
				PRODUCT_NAME = "$(TARGET_NAME)";
				SDKROOT = watchos;
				SKIP_INSTALL = YES;
				SWIFT_EMIT_LOC_STRINGS = YES;
				SWIFT_VERSION = 5.0;
				TARGETED_DEVICE_FAMILY = 4;
				WATCHOS_DEPLOYMENT_TARGET = 8.5;
			};
			name = Debug;
		};
		4909805F28DE950200E2DF9E /* Release */ = {
			isa = XCBuildConfiguration;
			buildSettings = {
				ALWAYS_EMBED_SWIFT_STANDARD_LIBRARIES = YES;
				ASSETCATALOG_COMPILER_APPICON_NAME = AppIcon;
				ASSETCATALOG_COMPILER_GLOBAL_ACCENT_COLOR_NAME = AccentColor;
				CODE_SIGN_STYLE = Automatic;
				CURRENT_PROJECT_VERSION = 1;
				DEVELOPMENT_TEAM = T5E8L2XP69;
				GENERATE_INFOPLIST_FILE = YES;
				IBSC_MODULE = watchOS_WatchKit_Extension;
				INFOPLIST_KEY_CFBundleDisplayName = watchOS;
				INFOPLIST_KEY_UISupportedInterfaceOrientations = "UIInterfaceOrientationPortrait UIInterfaceOrientationPortraitUpsideDown";
				INFOPLIST_KEY_WKCompanionAppBundleIdentifier = land.ashp.MoBikes;
				MARKETING_VERSION = 1.0;
				PRODUCT_BUNDLE_IDENTIFIER = land.ashp.MoBikes.watchkitapp;
				PRODUCT_NAME = "$(TARGET_NAME)";
				SDKROOT = watchos;
				SKIP_INSTALL = YES;
				SWIFT_EMIT_LOC_STRINGS = YES;
				SWIFT_VERSION = 5.0;
				TARGETED_DEVICE_FAMILY = 4;
				VALIDATE_PRODUCT = YES;
				WATCHOS_DEPLOYMENT_TARGET = 8.5;
			};
			name = Release;
		};
		4909806128DE950200E2DF9E /* Debug */ = {
			isa = XCBuildConfiguration;
			buildSettings = {
				ASSETCATALOG_COMPILER_COMPLICATION_NAME = Complication;
				CODE_SIGN_STYLE = Automatic;
				CURRENT_PROJECT_VERSION = 1;
				DEVELOPMENT_ASSET_PATHS = "\"watchOS Extension/Preview Content\"";
				DEVELOPMENT_TEAM = T5E8L2XP69;
				ENABLE_PREVIEWS = YES;
				GENERATE_INFOPLIST_FILE = YES;
				INFOPLIST_FILE = "watchOS Extension/Info.plist";
				INFOPLIST_KEY_CFBundleDisplayName = "watchOS WatchKit Extension";
				INFOPLIST_KEY_CLKComplicationPrincipalClass = "$(PRODUCT_MODULE_NAME).ComplicationController";
				INFOPLIST_KEY_NSHumanReadableCopyright = "";
				LD_RUNPATH_SEARCH_PATHS = (
					"$(inherited)",
					"@executable_path/Frameworks",
					"@executable_path/../../Frameworks",
				);
				MARKETING_VERSION = 1.0;
				PRODUCT_BUNDLE_IDENTIFIER = land.ashp.MoBikes.watchkitapp.watchkitextension;
				PRODUCT_NAME = "${TARGET_NAME}";
				SDKROOT = watchos;
				SKIP_INSTALL = YES;
				SWIFT_EMIT_LOC_STRINGS = YES;
				SWIFT_VERSION = 5.0;
				TARGETED_DEVICE_FAMILY = 4;
				WATCHOS_DEPLOYMENT_TARGET = 8.5;
			};
			name = Debug;
		};
		4909806228DE950200E2DF9E /* Release */ = {
			isa = XCBuildConfiguration;
			buildSettings = {
				ASSETCATALOG_COMPILER_COMPLICATION_NAME = Complication;
				CODE_SIGN_STYLE = Automatic;
				CURRENT_PROJECT_VERSION = 1;
				DEVELOPMENT_ASSET_PATHS = "\"watchOS Extension/Preview Content\"";
				DEVELOPMENT_TEAM = T5E8L2XP69;
				ENABLE_PREVIEWS = YES;
				GENERATE_INFOPLIST_FILE = YES;
				INFOPLIST_FILE = "watchOS Extension/Info.plist";
				INFOPLIST_KEY_CFBundleDisplayName = "watchOS WatchKit Extension";
				INFOPLIST_KEY_CLKComplicationPrincipalClass = "$(PRODUCT_MODULE_NAME).ComplicationController";
				INFOPLIST_KEY_NSHumanReadableCopyright = "";
				LD_RUNPATH_SEARCH_PATHS = (
					"$(inherited)",
					"@executable_path/Frameworks",
					"@executable_path/../../Frameworks",
				);
				MARKETING_VERSION = 1.0;
				PRODUCT_BUNDLE_IDENTIFIER = land.ashp.MoBikes.watchkitapp.watchkitextension;
				PRODUCT_NAME = "${TARGET_NAME}";
				SDKROOT = watchos;
				SKIP_INSTALL = YES;
				SWIFT_EMIT_LOC_STRINGS = YES;
				SWIFT_VERSION = 5.0;
				TARGETED_DEVICE_FAMILY = 4;
				VALIDATE_PRODUCT = YES;
				WATCHOS_DEPLOYMENT_TARGET = 8.5;
			};
			name = Release;
		};
		499542B828DE8F5F002FCB93 /* Debug */ = {
			isa = XCBuildConfiguration;
			buildSettings = {
				CODE_SIGN_STYLE = Automatic;
				CURRENT_PROJECT_VERSION = 1;
				DEVELOPMENT_TEAM = T5E8L2XP69;
				MARKETING_VERSION = 1.0;
				PRODUCT_BUNDLE_IDENTIFIER = land.ashp.MoBikes;
				PRODUCT_NAME = "$(TARGET_NAME)";
				SDKROOT = iphoneos;
				SWIFT_VERSION = 5.0;
			};
			name = Debug;
		};
		499542B928DE8F5F002FCB93 /* Release */ = {
			isa = XCBuildConfiguration;
			buildSettings = {
				CODE_SIGN_STYLE = Automatic;
				CURRENT_PROJECT_VERSION = 1;
				DEVELOPMENT_TEAM = T5E8L2XP69;
				MARKETING_VERSION = 1.0;
				PRODUCT_BUNDLE_IDENTIFIER = land.ashp.MoBikes;
				PRODUCT_NAME = "$(TARGET_NAME)";
				SDKROOT = iphoneos;
				SWIFT_VERSION = 5.0;
				VALIDATE_PRODUCT = YES;
			};
			name = Release;
		};
		49B0DFBE28DE84B2006F856F /* Debug */ = {
			isa = XCBuildConfiguration;
			buildSettings = {
				ALWAYS_SEARCH_USER_PATHS = NO;
				CLANG_ANALYZER_NONNULL = YES;
				CLANG_ANALYZER_NUMBER_OBJECT_CONVERSION = YES_AGGRESSIVE;
				CLANG_CXX_LANGUAGE_STANDARD = "gnu++17";
				CLANG_ENABLE_MODULES = YES;
				CLANG_ENABLE_OBJC_ARC = YES;
				CLANG_ENABLE_OBJC_WEAK = YES;
				CLANG_WARN_BLOCK_CAPTURE_AUTORELEASING = YES;
				CLANG_WARN_BOOL_CONVERSION = YES;
				CLANG_WARN_COMMA = YES;
				CLANG_WARN_CONSTANT_CONVERSION = YES;
				CLANG_WARN_DEPRECATED_OBJC_IMPLEMENTATIONS = YES;
				CLANG_WARN_DIRECT_OBJC_ISA_USAGE = YES_ERROR;
				CLANG_WARN_DOCUMENTATION_COMMENTS = YES;
				CLANG_WARN_EMPTY_BODY = YES;
				CLANG_WARN_ENUM_CONVERSION = YES;
				CLANG_WARN_INFINITE_RECURSION = YES;
				CLANG_WARN_INT_CONVERSION = YES;
				CLANG_WARN_NON_LITERAL_NULL_CONVERSION = YES;
				CLANG_WARN_OBJC_IMPLICIT_RETAIN_SELF = YES;
				CLANG_WARN_OBJC_LITERAL_CONVERSION = YES;
				CLANG_WARN_OBJC_ROOT_CLASS = YES_ERROR;
				CLANG_WARN_QUOTED_INCLUDE_IN_FRAMEWORK_HEADER = YES;
				CLANG_WARN_RANGE_LOOP_ANALYSIS = YES;
				CLANG_WARN_STRICT_PROTOTYPES = YES;
				CLANG_WARN_SUSPICIOUS_MOVE = YES;
				CLANG_WARN_UNGUARDED_AVAILABILITY = YES_AGGRESSIVE;
				CLANG_WARN_UNREACHABLE_CODE = YES;
				CLANG_WARN__DUPLICATE_METHOD_MATCH = YES;
				COPY_PHASE_STRIP = NO;
				DEBUG_INFORMATION_FORMAT = dwarf;
				ENABLE_STRICT_OBJC_MSGSEND = YES;
				ENABLE_TESTABILITY = YES;
				GCC_C_LANGUAGE_STANDARD = gnu11;
				GCC_DYNAMIC_NO_PIC = NO;
				GCC_NO_COMMON_BLOCKS = YES;
				GCC_OPTIMIZATION_LEVEL = 0;
				GCC_PREPROCESSOR_DEFINITIONS = (
					"DEBUG=1",
					"$(inherited)",
				);
				GCC_WARN_64_TO_32_BIT_CONVERSION = YES;
				GCC_WARN_ABOUT_RETURN_TYPE = YES_ERROR;
				GCC_WARN_UNDECLARED_SELECTOR = YES;
				GCC_WARN_UNINITIALIZED_AUTOS = YES_AGGRESSIVE;
				GCC_WARN_UNUSED_FUNCTION = YES;
				GCC_WARN_UNUSED_VARIABLE = YES;
				MTL_ENABLE_DEBUG_INFO = INCLUDE_SOURCE;
				MTL_FAST_MATH = YES;
				ONLY_ACTIVE_ARCH = YES;
				SWIFT_ACTIVE_COMPILATION_CONDITIONS = DEBUG;
				SWIFT_OPTIMIZATION_LEVEL = "-Onone";
			};
			name = Debug;
		};
		49B0DFBF28DE84B2006F856F /* Release */ = {
			isa = XCBuildConfiguration;
			buildSettings = {
				ALWAYS_SEARCH_USER_PATHS = NO;
				CLANG_ANALYZER_NONNULL = YES;
				CLANG_ANALYZER_NUMBER_OBJECT_CONVERSION = YES_AGGRESSIVE;
				CLANG_CXX_LANGUAGE_STANDARD = "gnu++17";
				CLANG_ENABLE_MODULES = YES;
				CLANG_ENABLE_OBJC_ARC = YES;
				CLANG_ENABLE_OBJC_WEAK = YES;
				CLANG_WARN_BLOCK_CAPTURE_AUTORELEASING = YES;
				CLANG_WARN_BOOL_CONVERSION = YES;
				CLANG_WARN_COMMA = YES;
				CLANG_WARN_CONSTANT_CONVERSION = YES;
				CLANG_WARN_DEPRECATED_OBJC_IMPLEMENTATIONS = YES;
				CLANG_WARN_DIRECT_OBJC_ISA_USAGE = YES_ERROR;
				CLANG_WARN_DOCUMENTATION_COMMENTS = YES;
				CLANG_WARN_EMPTY_BODY = YES;
				CLANG_WARN_ENUM_CONVERSION = YES;
				CLANG_WARN_INFINITE_RECURSION = YES;
				CLANG_WARN_INT_CONVERSION = YES;
				CLANG_WARN_NON_LITERAL_NULL_CONVERSION = YES;
				CLANG_WARN_OBJC_IMPLICIT_RETAIN_SELF = YES;
				CLANG_WARN_OBJC_LITERAL_CONVERSION = YES;
				CLANG_WARN_OBJC_ROOT_CLASS = YES_ERROR;
				CLANG_WARN_QUOTED_INCLUDE_IN_FRAMEWORK_HEADER = YES;
				CLANG_WARN_RANGE_LOOP_ANALYSIS = YES;
				CLANG_WARN_STRICT_PROTOTYPES = YES;
				CLANG_WARN_SUSPICIOUS_MOVE = YES;
				CLANG_WARN_UNGUARDED_AVAILABILITY = YES_AGGRESSIVE;
				CLANG_WARN_UNREACHABLE_CODE = YES;
				CLANG_WARN__DUPLICATE_METHOD_MATCH = YES;
				COPY_PHASE_STRIP = NO;
				DEBUG_INFORMATION_FORMAT = "dwarf-with-dsym";
				ENABLE_NS_ASSERTIONS = NO;
				ENABLE_STRICT_OBJC_MSGSEND = YES;
				GCC_C_LANGUAGE_STANDARD = gnu11;
				GCC_NO_COMMON_BLOCKS = YES;
				GCC_WARN_64_TO_32_BIT_CONVERSION = YES;
				GCC_WARN_ABOUT_RETURN_TYPE = YES_ERROR;
				GCC_WARN_UNDECLARED_SELECTOR = YES;
				GCC_WARN_UNINITIALIZED_AUTOS = YES_AGGRESSIVE;
				GCC_WARN_UNUSED_FUNCTION = YES;
				GCC_WARN_UNUSED_VARIABLE = YES;
				MTL_ENABLE_DEBUG_INFO = NO;
				MTL_FAST_MATH = YES;
				SWIFT_COMPILATION_MODE = wholemodule;
				SWIFT_OPTIMIZATION_LEVEL = "-O";
			};
			name = Release;
		};
		49B0DFC128DE84B2006F856F /* Debug */ = {
			isa = XCBuildConfiguration;
			buildSettings = {
				ASSETCATALOG_COMPILER_APPICON_NAME = AppIcon;
				ASSETCATALOG_COMPILER_GLOBAL_ACCENT_COLOR_NAME = AccentColor;
				CODE_SIGN_ENTITLEMENTS = "iOS/MoBikes (iOS).entitlements";
				CODE_SIGN_STYLE = Automatic;
				CURRENT_PROJECT_VERSION = 1;
				DEVELOPMENT_TEAM = T5E8L2XP69;
				ENABLE_PREVIEWS = YES;
				GENERATE_INFOPLIST_FILE = YES;
				INFOPLIST_KEY_UIApplicationSceneManifest_Generation = YES;
				INFOPLIST_KEY_UIApplicationSupportsIndirectInputEvents = YES;
				INFOPLIST_KEY_UILaunchScreen_Generation = YES;
				INFOPLIST_KEY_UISupportedInterfaceOrientations_iPad = "UIInterfaceOrientationPortrait UIInterfaceOrientationPortraitUpsideDown UIInterfaceOrientationLandscapeLeft UIInterfaceOrientationLandscapeRight";
				INFOPLIST_KEY_UISupportedInterfaceOrientations_iPhone = "UIInterfaceOrientationPortrait UIInterfaceOrientationLandscapeLeft UIInterfaceOrientationLandscapeRight";
				IPHONEOS_DEPLOYMENT_TARGET = 15.5;
				LD_RUNPATH_SEARCH_PATHS = (
					"$(inherited)",
					"@executable_path/Frameworks",
				);
				MARKETING_VERSION = 1.0;
				PRODUCT_BUNDLE_IDENTIFIER = land.ashp.MoBikes;
				PRODUCT_NAME = "Mo'Bikes";
				SDKROOT = iphoneos;
				SUPPORTS_MACCATALYST = YES;
				SWIFT_EMIT_LOC_STRINGS = YES;
				SWIFT_VERSION = 5.0;
				TARGETED_DEVICE_FAMILY = "1,2";
			};
			name = Debug;
		};
		49B0DFC228DE84B2006F856F /* Release */ = {
			isa = XCBuildConfiguration;
			buildSettings = {
				ASSETCATALOG_COMPILER_APPICON_NAME = AppIcon;
				ASSETCATALOG_COMPILER_GLOBAL_ACCENT_COLOR_NAME = AccentColor;
				CODE_SIGN_ENTITLEMENTS = "iOS/MoBikes (iOS).entitlements";
				CODE_SIGN_STYLE = Automatic;
				CURRENT_PROJECT_VERSION = 1;
				DEVELOPMENT_TEAM = T5E8L2XP69;
				ENABLE_PREVIEWS = YES;
				GENERATE_INFOPLIST_FILE = YES;
				INFOPLIST_KEY_UIApplicationSceneManifest_Generation = YES;
				INFOPLIST_KEY_UIApplicationSupportsIndirectInputEvents = YES;
				INFOPLIST_KEY_UILaunchScreen_Generation = YES;
				INFOPLIST_KEY_UISupportedInterfaceOrientations_iPad = "UIInterfaceOrientationPortrait UIInterfaceOrientationPortraitUpsideDown UIInterfaceOrientationLandscapeLeft UIInterfaceOrientationLandscapeRight";
				INFOPLIST_KEY_UISupportedInterfaceOrientations_iPhone = "UIInterfaceOrientationPortrait UIInterfaceOrientationLandscapeLeft UIInterfaceOrientationLandscapeRight";
				IPHONEOS_DEPLOYMENT_TARGET = 15.5;
				LD_RUNPATH_SEARCH_PATHS = (
					"$(inherited)",
					"@executable_path/Frameworks",
				);
				MARKETING_VERSION = 1.0;
				PRODUCT_BUNDLE_IDENTIFIER = land.ashp.MoBikes;
				PRODUCT_NAME = "Mo'Bikes";
				SDKROOT = iphoneos;
				SUPPORTS_MACCATALYST = YES;
				SWIFT_EMIT_LOC_STRINGS = YES;
				SWIFT_VERSION = 5.0;
				TARGETED_DEVICE_FAMILY = "1,2";
				VALIDATE_PRODUCT = YES;
			};
			name = Release;
		};
/* End XCBuildConfiguration section */

/* Begin XCConfigurationList section */
		4909806328DE950200E2DF9E /* Build configuration list for PBXNativeTarget "watchOS WatchKit Extension" */ = {
			isa = XCConfigurationList;
			buildConfigurations = (
				4909806128DE950200E2DF9E /* Debug */,
				4909806228DE950200E2DF9E /* Release */,
			);
			defaultConfigurationIsVisible = 0;
			defaultConfigurationName = Release;
		};
		4909806428DE950200E2DF9E /* Build configuration list for PBXNativeTarget "watchOS" */ = {
			isa = XCConfigurationList;
			buildConfigurations = (
				4909805E28DE950200E2DF9E /* Debug */,
				4909805F28DE950200E2DF9E /* Release */,
			);
			defaultConfigurationIsVisible = 0;
			defaultConfigurationName = Release;
		};
		499542B728DE8F5F002FCB93 /* Build configuration list for PBXNativeTarget "MoBikes" */ = {
			isa = XCConfigurationList;
			buildConfigurations = (
				499542B828DE8F5F002FCB93 /* Debug */,
				499542B928DE8F5F002FCB93 /* Release */,
			);
			defaultConfigurationIsVisible = 0;
			defaultConfigurationName = Release;
		};
		49B0DF8E28DE84B1006F856F /* Build configuration list for PBXProject "MoBikes" */ = {
			isa = XCConfigurationList;
			buildConfigurations = (
				49B0DFBE28DE84B2006F856F /* Debug */,
				49B0DFBF28DE84B2006F856F /* Release */,
			);
			defaultConfigurationIsVisible = 0;
			defaultConfigurationName = Release;
		};
		49B0DFC028DE84B2006F856F /* Build configuration list for PBXNativeTarget "iOS" */ = {
			isa = XCConfigurationList;
			buildConfigurations = (
				49B0DFC128DE84B2006F856F /* Debug */,
				49B0DFC228DE84B2006F856F /* Release */,
			);
			defaultConfigurationIsVisible = 0;
			defaultConfigurationName = Release;
		};
/* End XCConfigurationList section */
	};
	rootObject = 49B0DF8B28DE84B1006F856F /* Project object */;
}
